
Microsoft Visual Studio Solution File, Format Version 12.00
# Visual Studio Version 16
VisualStudioVersion = 16.0.31005.135
MinimumVisualStudioVersion = 10.0.40219.1
Project("{FAE04EC0-301F-11D3-BF4B-00C04F79EFBC}") = "RazorPagesMovie", "RazorPagesMovie\RazorPagesMovie.csproj", "{523830E1-3F5F-416C-B332-8806217124D8}"
EndProject
Global
	GlobalSection(SolutionConfigurationPlatforms) = preSolution
		Debug|Any CPU = Debug|Any CPU
		Release|Any CPU = Release|Any CPU
	EndGlobalSection
	GlobalSection(ProjectConfigurationPlatforms) = postSolution
		{523830E1-3F5F-416C-B332-8806217124D8}.Debug|Any CPU.ActiveCfg = Debug|Any CPU
		{523830E1-3F5F-416C-B332-8806217124D8}.Debug|Any CPU.Build.0 = Debug|Any CPU
		{523830E1-3F5F-416C-B332-8806217124D8}.Release|Any CPU.ActiveCfg = Release|Any CPU
		{523830E1-3F5F-416C-B332-8806217124D8}.Release|Any CPU.Build.0 = Release|Any CPU
	EndGlobalSection
	GlobalSection(SolutionProperties) = preSolution
		HideSolutionNode = FALSE
	EndGlobalSection
	GlobalSection(ExtensibilityGlobals) = postSolution
		SolutionGuid = {F35AE1A2-0187-43A2-9CF4-ED20C3CFF89D}
	EndGlobalSection
EndGlobal
